
Microsoft Visual Studio Solution File, Format Version 12.00
# Visual Studio Version 17
VisualStudioVersion = 17.0.31903.59
MinimumVisualStudioVersion = 10.0.40219.1
Project("{FAE04EC0-301F-11D3-BF4B-00C04F79EFBC}") = "Edge-Detection", "Edge-Detection.csproj", "{F1DADBEA-B462-4A36-8A3E-A09987FD42AA}"
EndProject
Project("{FAE04EC0-301F-11D3-BF4B-00C04F79EFBC}") = "Edge-Detection.Tests", "Edge-Detection.Tests\Edge-Detection.Tests.csproj", "{80A8DE02-EF4B-41BB-B4D9-FB57D951BFD0}"
EndProject
Project("{FAE04EC0-301F-11D3-BF4B-00C04F79EFBC}") = "Edge-Detection.Core", "Edge-Detection.Core\Edge-Detection.Core.csproj", "{4044EF0B-4878-409B-BBDF-2A149AF1492C}"
EndProject
Global
	GlobalSection(SolutionConfigurationPlatforms) = preSolution
		Debug|Any CPU = Debug|Any CPU
		Debug|x64 = Debug|x64
		Debug|x86 = Debug|x86
		Release|Any CPU = Release|Any CPU
		Release|x64 = Release|x64
		Release|x86 = Release|x86
	EndGlobalSection
	GlobalSection(ProjectConfigurationPlatforms) = postSolution
		{F1DADBEA-B462-4A36-8A3E-A09987FD42AA}.Debug|Any CPU.ActiveCfg = Debug|Any CPU
		{F1DADBEA-B462-4A36-8A3E-A09987FD42AA}.Debug|Any CPU.Build.0 = Debug|Any CPU
		{F1DADBEA-B462-4A36-8A3E-A09987FD42AA}.Debug|x64.ActiveCfg = Debug|Any CPU
		{F1DADBEA-B462-4A36-8A3E-A09987FD42AA}.Debug|x64.Build.0 = Debug|Any CPU
		{F1DADBEA-B462-4A36-8A3E-A09987FD42AA}.Debug|x86.ActiveCfg = Debug|Any CPU
		{F1DADBEA-B462-4A36-8A3E-A09987FD42AA}.Debug|x86.Build.0 = Debug|Any CPU
		{F1DADBEA-B462-4A36-8A3E-A09987FD42AA}.Release|Any CPU.ActiveCfg = Release|Any CPU
		{F1DADBEA-B462-4A36-8A3E-A09987FD42AA}.Release|Any CPU.Build.0 = Release|Any CPU
		{F1DADBEA-B462-4A36-8A3E-A09987FD42AA}.Release|x64.ActiveCfg = Release|Any CPU
		{F1DADBEA-B462-4A36-8A3E-A09987FD42AA}.Release|x64.Build.0 = Release|Any CPU
		{F1DADBEA-B462-4A36-8A3E-A09987FD42AA}.Release|x86.ActiveCfg = Release|Any CPU
		{F1DADBEA-B462-4A36-8A3E-A09987FD42AA}.Release|x86.Build.0 = Release|Any CPU
		{80A8DE02-EF4B-41BB-B4D9-FB57D951BFD0}.Debug|Any CPU.ActiveCfg = Debug|Any CPU
		{80A8DE02-EF4B-41BB-B4D9-FB57D951BFD0}.Debug|Any CPU.Build.0 = Debug|Any CPU
		{80A8DE02-EF4B-41BB-B4D9-FB57D951BFD0}.Debug|x64.ActiveCfg = Debug|Any CPU
		{80A8DE02-EF4B-41BB-B4D9-FB57D951BFD0}.Debug|x64.Build.0 = Debug|Any CPU
		{80A8DE02-EF4B-41BB-B4D9-FB57D951BFD0}.Debug|x86.ActiveCfg = Debug|Any CPU
		{80A8DE02-EF4B-41BB-B4D9-FB57D951BFD0}.Debug|x86.Build.0 = Debug|Any CPU
		{80A8DE02-EF4B-41BB-B4D9-FB57D951BFD0}.Release|Any CPU.ActiveCfg = Release|Any CPU
		{80A8DE02-EF4B-41BB-B4D9-FB57D951BFD0}.Release|Any CPU.Build.0 = Release|Any CPU
		{80A8DE02-EF4B-41BB-B4D9-FB57D951BFD0}.Release|x64.ActiveCfg = Release|Any CPU
		{80A8DE02-EF4B-41BB-B4D9-FB57D951BFD0}.Release|x64.Build.0 = Release|Any CPU
		{80A8DE02-EF4B-41BB-B4D9-FB57D951BFD0}.Release|x86.ActiveCfg = Release|Any CPU
		{80A8DE02-EF4B-41BB-B4D9-FB57D951BFD0}.Release|x86.Build.0 = Release|Any CPU
		{4044EF0B-4878-409B-BBDF-2A149AF1492C}.Debug|Any CPU.ActiveCfg = Debug|Any CPU
		{4044EF0B-4878-409B-BBDF-2A149AF1492C}.Debug|Any CPU.Build.0 = Debug|Any CPU
		{4044EF0B-4878-409B-BBDF-2A149AF1492C}.Debug|x64.ActiveCfg = Debug|Any CPU
		{4044EF0B-4878-409B-BBDF-2A149AF1492C}.Debug|x64.Build.0 = Debug|Any CPU
		{4044EF0B-4878-409B-BBDF-2A149AF1492C}.Debug|x86.ActiveCfg = Debug|Any CPU
		{4044EF0B-4878-409B-BBDF-2A149AF1492C}.Debug|x86.Build.0 = Debug|Any CPU
		{4044EF0B-4878-409B-BBDF-2A149AF1492C}.Release|Any CPU.ActiveCfg = Release|Any CPU
		{4044EF0B-4878-409B-BBDF-2A149AF1492C}.Release|Any CPU.Build.0 = Release|Any CPU
		{4044EF0B-4878-409B-BBDF-2A149AF1492C}.Release|x64.ActiveCfg = Release|Any CPU
		{4044EF0B-4878-409B-BBDF-2A149AF1492C}.Release|x64.Build.0 = Release|Any CPU
		{4044EF0B-4878-409B-BBDF-2A149AF1492C}.Release|x86.ActiveCfg = Release|Any CPU
		{4044EF0B-4878-409B-BBDF-2A149AF1492C}.Release|x86.Build.0 = Release|Any CPU
	EndGlobalSection
	GlobalSection(SolutionProperties) = preSolution
		HideSolutionNode = FALSE
	EndGlobalSection
EndGlobal
